
Microsoft Visual Studio Solution File, Format Version 12.00
# Visual Studio Version 17
VisualStudioVersion = 17.11.35312.102
MinimumVisualStudioVersion = 10.0.40219.1
Project("{FAE04EC0-301F-11D3-BF4B-00C04F79EFBC}") = "3 модуль", "3 модуль\3 модуль.csproj", "{52A5141C-3CDC-4B89-9ECD-A54E4039D1FC}"
EndProject
Global
	GlobalSection(SolutionConfigurationPlatforms) = preSolution
		Debug|Any CPU = Debug|Any CPU
		Release|Any CPU = Release|Any CPU
	EndGlobalSection
	GlobalSection(ProjectConfigurationPlatforms) = postSolution
		{52A5141C-3CDC-4B89-9ECD-A54E4039D1FC}.Debug|Any CPU.ActiveCfg = Debug|Any CPU
		{52A5141C-3CDC-4B89-9ECD-A54E4039D1FC}.Debug|Any CPU.Build.0 = Debug|Any CPU
		{52A5141C-3CDC-4B89-9ECD-A54E4039D1FC}.Release|Any CPU.ActiveCfg = Release|Any CPU
		{52A5141C-3CDC-4B89-9ECD-A54E4039D1FC}.Release|Any CPU.Build.0 = Release|Any CPU
	EndGlobalSection
	GlobalSection(SolutionProperties) = preSolution
		HideSolutionNode = FALSE
	EndGlobalSection
	GlobalSection(ExtensibilityGlobals) = postSolution
		SolutionGuid = {42DE3B09-7A11-4AAF-95A4-F7DB0112F309}
	EndGlobalSection
EndGlobal
